
Microsoft Visual Studio Solution File, Format Version 12.00
Project("{FAE04EC0-301F-11D3-BF4B-00C04F79EFBC}") = "Interface", "Interface\Interface.csproj", "{B2A66347-8D26-46C6-A705-F0296CC0BC46}"
EndProject
Project("{FAE04EC0-301F-11D3-BF4B-00C04F79EFBC}") = "Generator", "Generator\Generator.csproj", "{357B60E0-BC75-4465-A0FF-4640A1DD4E86}"
EndProject
Project("{FAE04EC0-301F-11D3-BF4B-00C04F79EFBC}") = "NetWork", "NetWork\NetWork.csproj", "{EB8757A9-4FCC-491F-ACCD-2AA2C544771C}"
EndProject
Project("{FAE04EC0-301F-11D3-BF4B-00C04F79EFBC}") = "Client", "Client\Client.csproj", "{AABE076E-C653-4755-9529-F7B88F9F15D2}"
EndProject
Project("{FAE04EC0-301F-11D3-BF4B-00C04F79EFBC}") = "Game", "Game\Game.csproj", "{05115A86-4C6E-40A5-8443-870BA997E0C5}"
EndProject
Project("{FAE04EC0-301F-11D3-BF4B-00C04F79EFBC}") = "Edb", "Edb\Edb.csproj", "{C4BA99CA-B2E1-41B3-A8AA-AE4FBDE4E2EA}"
EndProject
Global
	GlobalSection(SolutionConfigurationPlatforms) = preSolution
		Debug|Any CPU = Debug|Any CPU
		Release|Any CPU = Release|Any CPU
	EndGlobalSection
	GlobalSection(ProjectConfigurationPlatforms) = postSolution
		{B2A66347-8D26-46C6-A705-F0296CC0BC46}.Debug|Any CPU.ActiveCfg = Debug|Any CPU
		{B2A66347-8D26-46C6-A705-F0296CC0BC46}.Debug|Any CPU.Build.0 = Debug|Any CPU
		{B2A66347-8D26-46C6-A705-F0296CC0BC46}.Release|Any CPU.ActiveCfg = Release|Any CPU
		{B2A66347-8D26-46C6-A705-F0296CC0BC46}.Release|Any CPU.Build.0 = Release|Any CPU
		{357B60E0-BC75-4465-A0FF-4640A1DD4E86}.Debug|Any CPU.ActiveCfg = Debug|Any CPU
		{357B60E0-BC75-4465-A0FF-4640A1DD4E86}.Debug|Any CPU.Build.0 = Debug|Any CPU
		{357B60E0-BC75-4465-A0FF-4640A1DD4E86}.Release|Any CPU.ActiveCfg = Release|Any CPU
		{357B60E0-BC75-4465-A0FF-4640A1DD4E86}.Release|Any CPU.Build.0 = Release|Any CPU
		{EB8757A9-4FCC-491F-ACCD-2AA2C544771C}.Debug|Any CPU.ActiveCfg = Debug|Any CPU
		{EB8757A9-4FCC-491F-ACCD-2AA2C544771C}.Debug|Any CPU.Build.0 = Debug|Any CPU
		{EB8757A9-4FCC-491F-ACCD-2AA2C544771C}.Release|Any CPU.ActiveCfg = Release|Any CPU
		{EB8757A9-4FCC-491F-ACCD-2AA2C544771C}.Release|Any CPU.Build.0 = Release|Any CPU
		{AABE076E-C653-4755-9529-F7B88F9F15D2}.Debug|Any CPU.ActiveCfg = Debug|Any CPU
		{AABE076E-C653-4755-9529-F7B88F9F15D2}.Debug|Any CPU.Build.0 = Debug|Any CPU
		{AABE076E-C653-4755-9529-F7B88F9F15D2}.Release|Any CPU.ActiveCfg = Release|Any CPU
		{AABE076E-C653-4755-9529-F7B88F9F15D2}.Release|Any CPU.Build.0 = Release|Any CPU
		{05115A86-4C6E-40A5-8443-870BA997E0C5}.Debug|Any CPU.ActiveCfg = Debug|Any CPU
		{05115A86-4C6E-40A5-8443-870BA997E0C5}.Debug|Any CPU.Build.0 = Debug|Any CPU
		{05115A86-4C6E-40A5-8443-870BA997E0C5}.Release|Any CPU.ActiveCfg = Release|Any CPU
		{05115A86-4C6E-40A5-8443-870BA997E0C5}.Release|Any CPU.Build.0 = Release|Any CPU
		{C4BA99CA-B2E1-41B3-A8AA-AE4FBDE4E2EA}.Debug|Any CPU.ActiveCfg = Debug|Any CPU
		{C4BA99CA-B2E1-41B3-A8AA-AE4FBDE4E2EA}.Debug|Any CPU.Build.0 = Debug|Any CPU
		{C4BA99CA-B2E1-41B3-A8AA-AE4FBDE4E2EA}.Release|Any CPU.ActiveCfg = Release|Any CPU
		{C4BA99CA-B2E1-41B3-A8AA-AE4FBDE4E2EA}.Release|Any CPU.Build.0 = Release|Any CPU
	EndGlobalSection
EndGlobal
